
Microsoft Visual Studio Solution File, Format Version 12.00
# Visual Studio Version 17
VisualStudioVersion = 17.0.31903.59
MinimumVisualStudioVersion = 10.0.40219.1
Project("{2150E333-8FDC-42A3-9474-1A3956D46DE8}") = "src", "src", "{0D8215DE-4C63-447B-A3E1-B12894E5E62C}"
EndProject
Project("{FAE04EC0-301F-11D3-BF4B-00C04F79EFBC}") = "OpenPolicyAgent.Opa.AspNetCore", "src\OpenPolicyAgent.Opa.AspNetCore\OpenPolicyAgent.Opa.AspNetCore.csproj", "{6E9ED63D-50E5-42A5-86D0-21D207C060A6}"
EndProject
Project("{2150E333-8FDC-42A3-9474-1A3956D46DE8}") = "test", "test", "{51CD15E3-96E3-48BB-AA66-D31183586B1F}"
EndProject
Project("{FAE04EC0-301F-11D3-BF4B-00C04F79EFBC}") = "OpenPolicyAgent.Opa.AspNetCore.Tests", "test\OpenPolicyAgent.Opa.AspNetCore.Tests\OpenPolicyAgent.Opa.AspNetCore.Tests.csproj", "{5386AE3E-A135-424C-884E-C57CAB9129DD}"
EndProject
Global
	GlobalSection(SolutionConfigurationPlatforms) = preSolution
		Debug|Any CPU = Debug|Any CPU
		Release|Any CPU = Release|Any CPU
	EndGlobalSection
	GlobalSection(SolutionProperties) = preSolution
		HideSolutionNode = FALSE
	EndGlobalSection
	GlobalSection(ProjectConfigurationPlatforms) = postSolution
		{6E9ED63D-50E5-42A5-86D0-21D207C060A6}.Debug|Any CPU.ActiveCfg = Debug|Any CPU
		{6E9ED63D-50E5-42A5-86D0-21D207C060A6}.Debug|Any CPU.Build.0 = Debug|Any CPU
		{6E9ED63D-50E5-42A5-86D0-21D207C060A6}.Release|Any CPU.ActiveCfg = Release|Any CPU
		{6E9ED63D-50E5-42A5-86D0-21D207C060A6}.Release|Any CPU.Build.0 = Release|Any CPU
		{5386AE3E-A135-424C-884E-C57CAB9129DD}.Debug|Any CPU.ActiveCfg = Debug|Any CPU
		{5386AE3E-A135-424C-884E-C57CAB9129DD}.Debug|Any CPU.Build.0 = Debug|Any CPU
		{5386AE3E-A135-424C-884E-C57CAB9129DD}.Release|Any CPU.ActiveCfg = Release|Any CPU
		{5386AE3E-A135-424C-884E-C57CAB9129DD}.Release|Any CPU.Build.0 = Release|Any CPU
	EndGlobalSection
	GlobalSection(NestedProjects) = preSolution
		{6E9ED63D-50E5-42A5-86D0-21D207C060A6} = {0D8215DE-4C63-447B-A3E1-B12894E5E62C}
		{5386AE3E-A135-424C-884E-C57CAB9129DD} = {51CD15E3-96E3-48BB-AA66-D31183586B1F}
	EndGlobalSection
EndGlobal
